
Microsoft Visual Studio Solution File, Format Version 10.00
# Visual Studio 2008
Project("{FAE04EC0-301F-11D3-BF4B-00C04F79EFBC}") = "CS203 Callback Demo XP VS2008", "CS203\CS203 Proj\CS203 Callback Demo XP\CS203 Callback Demo XP VS2008.csproj", "{7337347A-11B3-45F5-B63B-2372B97707B6}"
EndProject
Project("{FAE04EC0-301F-11D3-BF4B-00C04F79EFBC}") = "CS203 Example Code VS2008", "CS203\CS203 Proj\CS203 Example Code\CS203 Example Code VS2008.csproj", "{3CEE82E5-67F2-4284-819D-4C4FB46ED045}"
EndProject
Project("{FAE04EC0-301F-11D3-BF4B-00C04F79EFBC}") = "CS203 Callback Demo CE VS2008", "CS203\CS203 Proj\CS203 Callback Demo CE\CS203 Callback Demo CE VS2008.csproj", "{67AC748A-65FE-4718-8061-9B82A40280A4}"
EndProject
Project("{FAE04EC0-301F-11D3-BF4B-00C04F79EFBC}") = "CS203 MultipleReader VS2008", "CS203\CS203 Proj\CS203 MultipleReader\CS203 MultipleReader VS2008.csproj", "{C038F25D-8FBE-43D6-A511-0EC200715802}"
EndProject
Project("{54435603-DBB4-11D2-8724-00A0C9A8B90C}") = "CS203 MultipleReader", "CS203\CS203 Proj\CS203 MultipleReader\CS203 MultipleReader Installer VS2008.vdproj", "{83A7FA65-DA3A-4C3F-A5A4-9554FF18EDBC}"
EndProject
Project("{B900F1C2-3D47-4FEC-85B3-04AAF18C3634}") = "CS203 Demo for WindowsCE", "CS203\CS203 Proj\CS203 Callback Demo CE\CS203 Demo for WindowsCE VS2008.vddproj", "{63654FCF-6B4A-4539-B4CF-7EF630AD005E}"
EndProject
Project("{54435603-DBB4-11D2-8724-00A0C9A8B90C}") = "CS203 Demo for WindowsXP", "CS203\CS203 Proj\CS203 Callback Demo XP\CS203 Demo for WindowsXP VS2008.vdproj", "{F2FE802F-596A-4045-900E-16866F13F4EE}"
EndProject
Global
	GlobalSection(SolutionConfigurationPlatforms) = preSolution
		CS203 Debug|Any CPU = CS203 Debug|Any CPU
		CS203 Release|Any CPU = CS203 Release|Any CPU
		Debug|Any CPU = Debug|Any CPU
		Release|Any CPU = Release|Any CPU
	EndGlobalSection
	GlobalSection(ProjectConfigurationPlatforms) = postSolution
		{7337347A-11B3-45F5-B63B-2372B97707B6}.CS203 Debug|Any CPU.ActiveCfg = CS203 Release|Any CPU
		{7337347A-11B3-45F5-B63B-2372B97707B6}.CS203 Debug|Any CPU.Build.0 = CS203 Release|Any CPU
		{7337347A-11B3-45F5-B63B-2372B97707B6}.CS203 Release|Any CPU.ActiveCfg = CS203 Release|Any CPU
		{7337347A-11B3-45F5-B63B-2372B97707B6}.CS203 Release|Any CPU.Build.0 = CS203 Release|Any CPU
		{7337347A-11B3-45F5-B63B-2372B97707B6}.Debug|Any CPU.ActiveCfg = CS203 Debug|Any CPU
		{7337347A-11B3-45F5-B63B-2372B97707B6}.Debug|Any CPU.Build.0 = CS203 Debug|Any CPU
		{7337347A-11B3-45F5-B63B-2372B97707B6}.Release|Any CPU.ActiveCfg = CS203 Release|Any CPU
		{7337347A-11B3-45F5-B63B-2372B97707B6}.Release|Any CPU.Build.0 = CS203 Release|Any CPU
		{3CEE82E5-67F2-4284-819D-4C4FB46ED045}.CS203 Debug|Any CPU.ActiveCfg = CS203 Debug|Any CPU
		{3CEE82E5-67F2-4284-819D-4C4FB46ED045}.CS203 Debug|Any CPU.Build.0 = CS203 Debug|Any CPU
		{3CEE82E5-67F2-4284-819D-4C4FB46ED045}.CS203 Release|Any CPU.ActiveCfg = CS203 Release|Any CPU
		{3CEE82E5-67F2-4284-819D-4C4FB46ED045}.CS203 Release|Any CPU.Build.0 = CS203 Release|Any CPU
		{3CEE82E5-67F2-4284-819D-4C4FB46ED045}.Debug|Any CPU.ActiveCfg = CS203 Debug|Any CPU
		{3CEE82E5-67F2-4284-819D-4C4FB46ED045}.Debug|Any CPU.Build.0 = CS203 Debug|Any CPU
		{3CEE82E5-67F2-4284-819D-4C4FB46ED045}.Release|Any CPU.ActiveCfg = CS203 Release|Any CPU
		{3CEE82E5-67F2-4284-819D-4C4FB46ED045}.Release|Any CPU.Build.0 = CS203 Release|Any CPU
		{67AC748A-65FE-4718-8061-9B82A40280A4}.CS203 Debug|Any CPU.ActiveCfg = Debug|Any CPU
		{67AC748A-65FE-4718-8061-9B82A40280A4}.CS203 Debug|Any CPU.Build.0 = Debug|Any CPU
		{67AC748A-65FE-4718-8061-9B82A40280A4}.CS203 Debug|Any CPU.Deploy.0 = Debug|Any CPU
		{67AC748A-65FE-4718-8061-9B82A40280A4}.CS203 Release|Any CPU.ActiveCfg = CS203 Release|Any CPU
		{67AC748A-65FE-4718-8061-9B82A40280A4}.CS203 Release|Any CPU.Build.0 = CS203 Release|Any CPU
		{67AC748A-65FE-4718-8061-9B82A40280A4}.CS203 Release|Any CPU.Deploy.0 = CS203 Release|Any CPU
		{67AC748A-65FE-4718-8061-9B82A40280A4}.Debug|Any CPU.ActiveCfg = Debug|Any CPU
		{67AC748A-65FE-4718-8061-9B82A40280A4}.Debug|Any CPU.Build.0 = Debug|Any CPU
		{67AC748A-65FE-4718-8061-9B82A40280A4}.Debug|Any CPU.Deploy.0 = Debug|Any CPU
		{67AC748A-65FE-4718-8061-9B82A40280A4}.Release|Any CPU.ActiveCfg = CS203 Release|Any CPU
		{67AC748A-65FE-4718-8061-9B82A40280A4}.Release|Any CPU.Build.0 = CS203 Release|Any CPU
		{67AC748A-65FE-4718-8061-9B82A40280A4}.Release|Any CPU.Deploy.0 = CS203 Release|Any CPU
		{C038F25D-8FBE-43D6-A511-0EC200715802}.CS203 Debug|Any CPU.ActiveCfg = Debug|Any CPU
		{C038F25D-8FBE-43D6-A511-0EC200715802}.CS203 Debug|Any CPU.Build.0 = Debug|Any CPU
		{C038F25D-8FBE-43D6-A511-0EC200715802}.CS203 Release|Any CPU.ActiveCfg = Release|Any CPU
		{C038F25D-8FBE-43D6-A511-0EC200715802}.CS203 Release|Any CPU.Build.0 = Release|Any CPU
		{C038F25D-8FBE-43D6-A511-0EC200715802}.Debug|Any CPU.ActiveCfg = Debug|Any CPU
		{C038F25D-8FBE-43D6-A511-0EC200715802}.Debug|Any CPU.Build.0 = Debug|Any CPU
		{C038F25D-8FBE-43D6-A511-0EC200715802}.Release|Any CPU.ActiveCfg = Release|Any CPU
		{C038F25D-8FBE-43D6-A511-0EC200715802}.Release|Any CPU.Build.0 = Release|Any CPU
		{83A7FA65-DA3A-4C3F-A5A4-9554FF18EDBC}.CS203 Debug|Any CPU.ActiveCfg = Debug
		{83A7FA65-DA3A-4C3F-A5A4-9554FF18EDBC}.CS203 Debug|Any CPU.Build.0 = Debug
		{83A7FA65-DA3A-4C3F-A5A4-9554FF18EDBC}.CS203 Release|Any CPU.ActiveCfg = Release
		{83A7FA65-DA3A-4C3F-A5A4-9554FF18EDBC}.CS203 Release|Any CPU.Build.0 = Release
		{83A7FA65-DA3A-4C3F-A5A4-9554FF18EDBC}.Debug|Any CPU.ActiveCfg = Debug
		{83A7FA65-DA3A-4C3F-A5A4-9554FF18EDBC}.Debug|Any CPU.Build.0 = Debug
		{83A7FA65-DA3A-4C3F-A5A4-9554FF18EDBC}.Release|Any CPU.ActiveCfg = Release
		{83A7FA65-DA3A-4C3F-A5A4-9554FF18EDBC}.Release|Any CPU.Build.0 = Release
		{63654FCF-6B4A-4539-B4CF-7EF630AD005E}.CS203 Debug|Any CPU.ActiveCfg = Debug
		{63654FCF-6B4A-4539-B4CF-7EF630AD005E}.CS203 Debug|Any CPU.Build.0 = Debug
		{63654FCF-6B4A-4539-B4CF-7EF630AD005E}.CS203 Release|Any CPU.ActiveCfg = Release
		{63654FCF-6B4A-4539-B4CF-7EF630AD005E}.CS203 Release|Any CPU.Build.0 = Release
		{63654FCF-6B4A-4539-B4CF-7EF630AD005E}.Debug|Any CPU.ActiveCfg = Debug
		{63654FCF-6B4A-4539-B4CF-7EF630AD005E}.Debug|Any CPU.Build.0 = Debug
		{63654FCF-6B4A-4539-B4CF-7EF630AD005E}.Release|Any CPU.ActiveCfg = Release
		{63654FCF-6B4A-4539-B4CF-7EF630AD005E}.Release|Any CPU.Build.0 = Release
		{F2FE802F-596A-4045-900E-16866F13F4EE}.CS203 Debug|Any CPU.ActiveCfg = Debug
		{F2FE802F-596A-4045-900E-16866F13F4EE}.CS203 Debug|Any CPU.Build.0 = Debug
		{F2FE802F-596A-4045-900E-16866F13F4EE}.CS203 Release|Any CPU.ActiveCfg = Release
		{F2FE802F-596A-4045-900E-16866F13F4EE}.CS203 Release|Any CPU.Build.0 = Release
		{F2FE802F-596A-4045-900E-16866F13F4EE}.Debug|Any CPU.ActiveCfg = Debug
		{F2FE802F-596A-4045-900E-16866F13F4EE}.Debug|Any CPU.Build.0 = Debug
		{F2FE802F-596A-4045-900E-16866F13F4EE}.Release|Any CPU.ActiveCfg = Release
		{F2FE802F-596A-4045-900E-16866F13F4EE}.Release|Any CPU.Build.0 = Release
	EndGlobalSection
	GlobalSection(SolutionProperties) = preSolution
		HideSolutionNode = FALSE
	EndGlobalSection
	GlobalSection(ExtensibilityGlobals) = postSolution
		VisualSVNWorkingCopyRoot = .
	EndGlobalSection
EndGlobal
